
Microsoft Visual Studio Solution File, Format Version 12.00
# Visual Studio Version 16
VisualStudioVersion = 16.0.809.5
MinimumVisualStudioVersion = 10.0.40219.1
Project("{2150E333-8FDC-42A3-9474-1A3956D46DE8}") = "src", "src", "{B494A57B-C594-4232-B261-D32C982C93FF}"
EndProject
Project("{2150E333-8FDC-42A3-9474-1A3956D46DE8}") = "Building Blocks", "Building Blocks", "{663DF49E-A50B-46A4-A091-E8EDB89A794D}"
EndProject
Project("{2150E333-8FDC-42A3-9474-1A3956D46DE8}") = "Services", "Services", "{3130361B-BACD-4161-9EC3-C7509C15E28E}"
EndProject
Project("{2150E333-8FDC-42A3-9474-1A3956D46DE8}") = "Web", "Web", "{AAA92960-AC40-4DAC-BC13-5DA1C375F4A8}"
EndProject
Project("{2150E333-8FDC-42A3-9474-1A3956D46DE8}") = "Identity", "Identity", "{CCD6ACAB-82BA-4C92-85CC-C9307484FF2F}"
EndProject
Project("{2150E333-8FDC-42A3-9474-1A3956D46DE8}") = "MVC", "MVC", "{E75A900E-814D-4254-9BA8-FEF6459A32CF}"
EndProject
Project("{2150E333-8FDC-42A3-9474-1A3956D46DE8}") = "Core", "Core", "{31851439-BEAF-4018-BAEB-C56D805285CD}"
EndProject
Project("{FAE04EC0-301F-11D3-BF4B-00C04F79EFBC}") = "NSE.Web.MVC", "src\web\NSE.Web.MVC\NSE.Web.MVC.csproj", "{C7B782C2-484A-45C2-9601-34FAAC2D9DB4}"
EndProject
Project("{FAE04EC0-301F-11D3-BF4B-00C04F79EFBC}") = "NSE.Identity.API", "src\services\NSE.Identity.API\NSE.Identity.API.csproj", "{AA248050-4B76-492B-A656-BFB689132BC6}"
EndProject
Project("{FAE04EC0-301F-11D3-BF4B-00C04F79EFBC}") = "NSE.Core", "src\building blocks\NSE.Core\NSE.Core.csproj", "{764835FD-110E-4FDF-8941-E411A0D3CB72}"
EndProject
Project("{2150E333-8FDC-42A3-9474-1A3956D46DE8}") = "Basket", "Basket", "{35527EDF-F2FE-44EA-991C-58998295EAF3}"
EndProject
Project("{2150E333-8FDC-42A3-9474-1A3956D46DE8}") = "Catalogue", "Catalogue", "{97D30D42-4120-4301-A775-0842C82FDDF9}"
EndProject
Project("{2150E333-8FDC-42A3-9474-1A3956D46DE8}") = "Client", "Client", "{DDF1B427-8207-4102-A204-A92DE2727089}"
EndProject
Project("{2150E333-8FDC-42A3-9474-1A3956D46DE8}") = "Order", "Order", "{9BF02742-72C1-4F85-9CF9-12766C5FEBDA}"
EndProject
Project("{2150E333-8FDC-42A3-9474-1A3956D46DE8}") = "Payment", "Payment", "{FF5E7142-1808-47A1-83E9-6370045DCB4A}"
EndProject
Project("{FAE04EC0-301F-11D3-BF4B-00C04F79EFBC}") = "NSE.Basket.API", "src\services\NSE.Basket.API\NSE.Basket.API.csproj", "{CC1B581B-7753-40DB-9ABF-77C229B75E55}"
EndProject
Project("{FAE04EC0-301F-11D3-BF4B-00C04F79EFBC}") = "NSE.Catalogue.API", "src\services\NSE.Catalogue.API\NSE.Catalogue.API.csproj", "{7D6F0211-779A-48D1-950A-F4B881184BE4}"
EndProject
Project("{FAE04EC0-301F-11D3-BF4B-00C04F79EFBC}") = "NSE.Client.API", "src\services\NSE.Client.API\NSE.Client.API.csproj", "{2DD1C3FC-9D17-4F22-AC13-A7A56EAEF00A}"
EndProject
Project("{FAE04EC0-301F-11D3-BF4B-00C04F79EFBC}") = "NSE.Order.API", "src\services\NSE.Order.API\NSE.Order.API.csproj", "{70E4F1DD-44F3-4D20-BD1A-398B66B5F03C}"
EndProject
Project("{FAE04EC0-301F-11D3-BF4B-00C04F79EFBC}") = "NSE.Payment.API", "src\services\NSE.Payment.API\NSE.Payment.API.csproj", "{5334FE79-7737-4C7E-B3F9-D63C92383713}"
EndProject
Global
	GlobalSection(SolutionConfigurationPlatforms) = preSolution
		Debug|Any CPU = Debug|Any CPU
		Release|Any CPU = Release|Any CPU
	EndGlobalSection
	GlobalSection(ProjectConfigurationPlatforms) = postSolution
		{C7B782C2-484A-45C2-9601-34FAAC2D9DB4}.Debug|Any CPU.ActiveCfg = Debug|Any CPU
		{C7B782C2-484A-45C2-9601-34FAAC2D9DB4}.Debug|Any CPU.Build.0 = Debug|Any CPU
		{C7B782C2-484A-45C2-9601-34FAAC2D9DB4}.Release|Any CPU.ActiveCfg = Release|Any CPU
		{C7B782C2-484A-45C2-9601-34FAAC2D9DB4}.Release|Any CPU.Build.0 = Release|Any CPU
		{AA248050-4B76-492B-A656-BFB689132BC6}.Debug|Any CPU.ActiveCfg = Debug|Any CPU
		{AA248050-4B76-492B-A656-BFB689132BC6}.Debug|Any CPU.Build.0 = Debug|Any CPU
		{AA248050-4B76-492B-A656-BFB689132BC6}.Release|Any CPU.ActiveCfg = Release|Any CPU
		{AA248050-4B76-492B-A656-BFB689132BC6}.Release|Any CPU.Build.0 = Release|Any CPU
		{764835FD-110E-4FDF-8941-E411A0D3CB72}.Debug|Any CPU.ActiveCfg = Debug|Any CPU
		{764835FD-110E-4FDF-8941-E411A0D3CB72}.Debug|Any CPU.Build.0 = Debug|Any CPU
		{764835FD-110E-4FDF-8941-E411A0D3CB72}.Release|Any CPU.ActiveCfg = Release|Any CPU
		{764835FD-110E-4FDF-8941-E411A0D3CB72}.Release|Any CPU.Build.0 = Release|Any CPU
		{CC1B581B-7753-40DB-9ABF-77C229B75E55}.Debug|Any CPU.ActiveCfg = Debug|Any CPU
		{CC1B581B-7753-40DB-9ABF-77C229B75E55}.Debug|Any CPU.Build.0 = Debug|Any CPU
		{CC1B581B-7753-40DB-9ABF-77C229B75E55}.Release|Any CPU.ActiveCfg = Release|Any CPU
		{CC1B581B-7753-40DB-9ABF-77C229B75E55}.Release|Any CPU.Build.0 = Release|Any CPU
		{7D6F0211-779A-48D1-950A-F4B881184BE4}.Debug|Any CPU.ActiveCfg = Debug|Any CPU
		{7D6F0211-779A-48D1-950A-F4B881184BE4}.Debug|Any CPU.Build.0 = Debug|Any CPU
		{7D6F0211-779A-48D1-950A-F4B881184BE4}.Release|Any CPU.ActiveCfg = Release|Any CPU
		{7D6F0211-779A-48D1-950A-F4B881184BE4}.Release|Any CPU.Build.0 = Release|Any CPU
		{2DD1C3FC-9D17-4F22-AC13-A7A56EAEF00A}.Debug|Any CPU.ActiveCfg = Debug|Any CPU
		{2DD1C3FC-9D17-4F22-AC13-A7A56EAEF00A}.Debug|Any CPU.Build.0 = Debug|Any CPU
		{2DD1C3FC-9D17-4F22-AC13-A7A56EAEF00A}.Release|Any CPU.ActiveCfg = Release|Any CPU
		{2DD1C3FC-9D17-4F22-AC13-A7A56EAEF00A}.Release|Any CPU.Build.0 = Release|Any CPU
		{70E4F1DD-44F3-4D20-BD1A-398B66B5F03C}.Debug|Any CPU.ActiveCfg = Debug|Any CPU
		{70E4F1DD-44F3-4D20-BD1A-398B66B5F03C}.Debug|Any CPU.Build.0 = Debug|Any CPU
		{70E4F1DD-44F3-4D20-BD1A-398B66B5F03C}.Release|Any CPU.ActiveCfg = Release|Any CPU
		{70E4F1DD-44F3-4D20-BD1A-398B66B5F03C}.Release|Any CPU.Build.0 = Release|Any CPU
		{5334FE79-7737-4C7E-B3F9-D63C92383713}.Debug|Any CPU.ActiveCfg = Debug|Any CPU
		{5334FE79-7737-4C7E-B3F9-D63C92383713}.Debug|Any CPU.Build.0 = Debug|Any CPU
		{5334FE79-7737-4C7E-B3F9-D63C92383713}.Release|Any CPU.ActiveCfg = Release|Any CPU
		{5334FE79-7737-4C7E-B3F9-D63C92383713}.Release|Any CPU.Build.0 = Release|Any CPU
	EndGlobalSection
	GlobalSection(SolutionProperties) = preSolution
		HideSolutionNode = FALSE
	EndGlobalSection
	GlobalSection(ExtensibilityGlobals) = postSolution
		SolutionGuid = {DAEF5857-B9C4-4961-BFAE-ADA3D2813A42}
	EndGlobalSection
	GlobalSection(NestedProjects) = preSolution
		{663DF49E-A50B-46A4-A091-E8EDB89A794D} = {B494A57B-C594-4232-B261-D32C982C93FF}
		{3130361B-BACD-4161-9EC3-C7509C15E28E} = {B494A57B-C594-4232-B261-D32C982C93FF}
		{AAA92960-AC40-4DAC-BC13-5DA1C375F4A8} = {B494A57B-C594-4232-B261-D32C982C93FF}
		{CCD6ACAB-82BA-4C92-85CC-C9307484FF2F} = {3130361B-BACD-4161-9EC3-C7509C15E28E}
		{E75A900E-814D-4254-9BA8-FEF6459A32CF} = {AAA92960-AC40-4DAC-BC13-5DA1C375F4A8}
		{31851439-BEAF-4018-BAEB-C56D805285CD} = {663DF49E-A50B-46A4-A091-E8EDB89A794D}
		{C7B782C2-484A-45C2-9601-34FAAC2D9DB4} = {E75A900E-814D-4254-9BA8-FEF6459A32CF}
		{AA248050-4B76-492B-A656-BFB689132BC6} = {CCD6ACAB-82BA-4C92-85CC-C9307484FF2F}
		{764835FD-110E-4FDF-8941-E411A0D3CB72} = {31851439-BEAF-4018-BAEB-C56D805285CD}
		{35527EDF-F2FE-44EA-991C-58998295EAF3} = {3130361B-BACD-4161-9EC3-C7509C15E28E}
		{97D30D42-4120-4301-A775-0842C82FDDF9} = {3130361B-BACD-4161-9EC3-C7509C15E28E}
		{DDF1B427-8207-4102-A204-A92DE2727089} = {3130361B-BACD-4161-9EC3-C7509C15E28E}
		{9BF02742-72C1-4F85-9CF9-12766C5FEBDA} = {3130361B-BACD-4161-9EC3-C7509C15E28E}
		{FF5E7142-1808-47A1-83E9-6370045DCB4A} = {3130361B-BACD-4161-9EC3-C7509C15E28E}
		{CC1B581B-7753-40DB-9ABF-77C229B75E55} = {35527EDF-F2FE-44EA-991C-58998295EAF3}
		{7D6F0211-779A-48D1-950A-F4B881184BE4} = {97D30D42-4120-4301-A775-0842C82FDDF9}
		{2DD1C3FC-9D17-4F22-AC13-A7A56EAEF00A} = {DDF1B427-8207-4102-A204-A92DE2727089}
		{70E4F1DD-44F3-4D20-BD1A-398B66B5F03C} = {9BF02742-72C1-4F85-9CF9-12766C5FEBDA}
		{5334FE79-7737-4C7E-B3F9-D63C92383713} = {FF5E7142-1808-47A1-83E9-6370045DCB4A}
	EndGlobalSection
EndGlobal
